Microsoft Visual Studio Solution File, Format Version 12.00
# Visual Studio Version 17
VisualStudioVersion = 17.5.2.0
MinimumVisualStudioVersion = 10.0.40219.1
Project("{FAE04EC0-301F-11D3-BF4B-00C04F79EFBC}") = "TP07", "TP07.csproj", "{3857BED6-BCB2-D140-E833-FDC39A95B331}"
EndProject
Global
	GlobalSection(SolutionConfigurationPlatforms) = preSolution
		Debug|Any CPU = Debug|Any CPU
		Release|Any CPU = Release|Any CPU
	EndGlobalSection
	GlobalSection(ProjectConfigurationPlatforms) = postSolution
		{3857BED6-BCB2-D140-E833-FDC39A95B331}.Debug|Any CPU.ActiveCfg = Debug|Any CPU
		{3857BED6-BCB2-D140-E833-FDC39A95B331}.Debug|Any CPU.Build.0 = Debug|Any CPU
		{3857BED6-BCB2-D140-E833-FDC39A95B331}.Release|Any CPU.ActiveCfg = Release|Any CPU
		{3857BED6-BCB2-D140-E833-FDC39A95B331}.Release|Any CPU.Build.0 = Release|Any CPU
	EndGlobalSection
	GlobalSection(SolutionProperties) = preSolution
		HideSolutionNode = FALSE
	EndGlobalSection
	GlobalSection(ExtensibilityGlobals) = postSolution
		SolutionGuid = {A14BDD78-3003-4EF3-869D-8D1FB14EB948}
	EndGlobalSection
EndGlobal
